# The analyzers bundle.sh builds into GitDiffViewer.app/Contents/Helpers, each at one pinned commit.
# One line per analyzer: name, repository URL, full 40-character commit SHA. bundle.sh builds exactly
# that commit, with the dependencies its committed Package.resolved pins, and fails on anything else.
# The commits are fixed revisions on the atelier-review-fixes and atelier-followups branches of each
# g-cqd mirror (decision D15). Bump a pin in a commit of its own.
arcleak   https://github.com/g-cqd/arcleak.git   f57f5a88899923a153e1251ebe69ef3d67ed1093
dolly     https://github.com/g-cqd/dolly.git     245482b077f78fdc814458b5b8a4861d194f85c5
deadwood  https://github.com/g-cqd/deadwood.git  97a7a309f269283f24ee3a1015550455a4d8cd5e
